
Microsoft Visual Studio Solution File, Format Version 12.00
# Visual Studio 2013
VisualStudioVersion = 12.0.30501.0
MinimumVisualStudioVersion = 10.0.40219.1
Project("{FAE04EC0-301F-11D3-BF4B-00C04F79EFBC}") = "6 - Website", "Website\6 - Website.csproj", "{59B6D76A-F1C3-407E-BE74-6E50333CDB3C}"
EndProject
Project("{FAE04EC0-301F-11D3-BF4B-00C04F79EFBC}") = "4 - Service", "Service\4 - Service.csproj", "{24B41069-F4FA-4824-A5B7-BED6BC6B21D4}"
EndProject
Project("{FAE04EC0-301F-11D3-BF4B-00C04F79EFBC}") = "1 - Resources", "Resources\1 - Resources.csproj", "{939EFC53-89B7-472D-9249-E2B6054423AC}"
EndProject
Project("{FAE04EC0-301F-11D3-BF4B-00C04F79EFBC}") = "5 - Controller", "Controller\5 - Controller.csproj", "{835F5D45-9B24-4463-96C9-F199AC7A8803}"
EndProject
Project("{FAE04EC0-301F-11D3-BF4B-00C04F79EFBC}") = "2 - Infrastructure", "Infrastructure\2 - Infrastructure.csproj", "{14BF6E39-31B3-4452-BBD8-F24C501E83BB}"
EndProject
Project("{FAE04EC0-301F-11D3-BF4B-00C04F79EFBC}") = "3 - Repository", "Repository\3 - Repository.csproj", "{2354B9CB-402C-43F0-BB7A-5CC8923B357E}"
EndProject
Global
	GlobalSection(SolutionConfigurationPlatforms) = preSolution
		Debug|Any CPU = Debug|Any CPU
		Release|Any CPU = Release|Any CPU
	EndGlobalSection
	GlobalSection(ProjectConfigurationPlatforms) = postSolution
		{59B6D76A-F1C3-407E-BE74-6E50333CDB3C}.Debug|Any CPU.ActiveCfg = Debug|Any CPU
		{59B6D76A-F1C3-407E-BE74-6E50333CDB3C}.Debug|Any CPU.Build.0 = Debug|Any CPU
		{59B6D76A-F1C3-407E-BE74-6E50333CDB3C}.Release|Any CPU.ActiveCfg = Release|Any CPU
		{59B6D76A-F1C3-407E-BE74-6E50333CDB3C}.Release|Any CPU.Build.0 = Release|Any CPU
		{24B41069-F4FA-4824-A5B7-BED6BC6B21D4}.Debug|Any CPU.ActiveCfg = Debug|Any CPU
		{24B41069-F4FA-4824-A5B7-BED6BC6B21D4}.Debug|Any CPU.Build.0 = Debug|Any CPU
		{24B41069-F4FA-4824-A5B7-BED6BC6B21D4}.Release|Any CPU.ActiveCfg = Release|Any CPU
		{24B41069-F4FA-4824-A5B7-BED6BC6B21D4}.Release|Any CPU.Build.0 = Release|Any CPU
		{939EFC53-89B7-472D-9249-E2B6054423AC}.Debug|Any CPU.ActiveCfg = Debug|Any CPU
		{939EFC53-89B7-472D-9249-E2B6054423AC}.Debug|Any CPU.Build.0 = Debug|Any CPU
		{939EFC53-89B7-472D-9249-E2B6054423AC}.Release|Any CPU.ActiveCfg = Release|Any CPU
		{939EFC53-89B7-472D-9249-E2B6054423AC}.Release|Any CPU.Build.0 = Release|Any CPU
		{835F5D45-9B24-4463-96C9-F199AC7A8803}.Debug|Any CPU.ActiveCfg = Debug|Any CPU
		{835F5D45-9B24-4463-96C9-F199AC7A8803}.Debug|Any CPU.Build.0 = Debug|Any CPU
		{835F5D45-9B24-4463-96C9-F199AC7A8803}.Release|Any CPU.ActiveCfg = Release|Any CPU
		{835F5D45-9B24-4463-96C9-F199AC7A8803}.Release|Any CPU.Build.0 = Release|Any CPU
		{14BF6E39-31B3-4452-BBD8-F24C501E83BB}.Debug|Any CPU.ActiveCfg = Debug|Any CPU
		{14BF6E39-31B3-4452-BBD8-F24C501E83BB}.Debug|Any CPU.Build.0 = Debug|Any CPU
		{14BF6E39-31B3-4452-BBD8-F24C501E83BB}.Release|Any CPU.ActiveCfg = Release|Any CPU
		{14BF6E39-31B3-4452-BBD8-F24C501E83BB}.Release|Any CPU.Build.0 = Release|Any CPU
		{2354B9CB-402C-43F0-BB7A-5CC8923B357E}.Debug|Any CPU.ActiveCfg = Debug|Any CPU
		{2354B9CB-402C-43F0-BB7A-5CC8923B357E}.Debug|Any CPU.Build.0 = Debug|Any CPU
		{2354B9CB-402C-43F0-BB7A-5CC8923B357E}.Release|Any CPU.ActiveCfg = Release|Any CPU
		{2354B9CB-402C-43F0-BB7A-5CC8923B357E}.Release|Any CPU.Build.0 = Release|Any CPU
	EndGlobalSection
	GlobalSection(SolutionProperties) = preSolution
		HideSolutionNode = FALSE
	EndGlobalSection
EndGlobal
